
Microsoft Visual Studio Solution File, Format Version 12.00
Project("{FAE04EC0-301F-11D3-BF4B-00C04F79EFBC}") = "IMS.WebApp", "IMS.WebApp\IMS.WebApp.csproj", "{6D8050A7-002E-471D-8F4C-B2D4A6458D9D}"
EndProject
Project("{FAE04EC0-301F-11D3-BF4B-00C04F79EFBC}") = "IMS.UseCases", "IMS.UseCases\IMS.UseCases.csproj", "{3EDE820E-ACA2-4D8B-8327-B05264BB722C}"
EndProject
Project("{FAE04EC0-301F-11D3-BF4B-00C04F79EFBC}") = "IMS.CoreBusiness", "IMS.CoreBusiness\IMS.CoreBusiness.csproj", "{CF41D89E-86F1-4433-A9B8-EC901B8B9515}"
EndProject
Project("{2150E333-8FDC-42A3-9474-1A3956D46DE8}") = "IMS.Plugins", "IMS.Plugins", "{C43CC2D5-EE38-4266-8DB3-15A39883D775}"
EndProject
Project("{FAE04EC0-301F-11D3-BF4B-00C04F79EFBC}") = "IMS.Plugins.InMemory", "IMS.Plugins\IMS.Plugins.InMemory\IMS.Plugins.InMemory.csproj", "{DE1C9150-1D47-47FE-92C6-C41D61707C2A}"
EndProject
Project("{FAE04EC0-301F-11D3-BF4B-00C04F79EFBC}") = "IMS.Plugins.EfCoreSQLite", "IMS.Plugins\IMS.Plugins.EfCoreSQLite\IMS.Plugins.EfCoreSQLite.csproj", "{F616DB79-5B57-4848-8DAA-E6BCE6DE1D7F}"
EndProject
Project("{2150E333-8FDC-42A3-9474-1A3956D46DE8}") = "Server", "Server", "{A2226908-1E73-46E5-8FF7-66B480C5727E}"
EndProject
Project("{2150E333-8FDC-42A3-9474-1A3956D46DE8}") = "Client", "Client", "{E686C7CF-4A19-46C3-9838-0B83E01897D4}"
EndProject
Project("{2150E333-8FDC-42A3-9474-1A3956D46DE8}") = "Shared", "Shared", "{679318C9-4B33-49C4-A0DB-07B02435E071}"
EndProject
Project("{2150E333-8FDC-42A3-9474-1A3956D46DE8}") = "Moving", "Moving", "{9F9B7817-1F8F-4B0A-8160-620E178E636E}"
EndProject
Project("{FAE04EC0-301F-11D3-BF4B-00C04F79EFBC}") = "Web.Server", "Web.Server\Web.Server.csproj", "{AEE53659-82C0-41DE-ACC0-96FACC067A0D}"
EndProject
Project("{FAE04EC0-301F-11D3-BF4B-00C04F79EFBC}") = "Web.Client", "Web.Client\Web.Client.csproj", "{55220641-6A19-45AB-8941-B745A5DD1A9A}"
EndProject
Project("{FAE04EC0-301F-11D3-BF4B-00C04F79EFBC}") = "Contracts", "Contracts\Contracts.csproj", "{18CE4E8F-5D63-45BE-89C5-6DC4E5200A47}"
EndProject
Project("{FAE04EC0-301F-11D3-BF4B-00C04F79EFBC}") = "Primitives", "Primitives\Primitives.csproj", "{5CEEA0A5-054F-4335-96F3-C9086A46BCCC}"
EndProject
Project("{FAE04EC0-301F-11D3-BF4B-00C04F79EFBC}") = "Resources", "Resources\Resources.csproj", "{E84C6632-AE63-4647-93AA-83F8E59920EE}"
EndProject
Global
	GlobalSection(SolutionConfigurationPlatforms) = preSolution
		Debug|Any CPU = Debug|Any CPU
		Release|Any CPU = Release|Any CPU
	EndGlobalSection
	GlobalSection(ProjectConfigurationPlatforms) = postSolution
		{6D8050A7-002E-471D-8F4C-B2D4A6458D9D}.Release|Any CPU.ActiveCfg = Release|Any CPU
		{6D8050A7-002E-471D-8F4C-B2D4A6458D9D}.Release|Any CPU.Build.0 = Release|Any CPU
		{6D8050A7-002E-471D-8F4C-B2D4A6458D9D}.Debug|Any CPU.ActiveCfg = Release - ARM64|Any CPU
		{6D8050A7-002E-471D-8F4C-B2D4A6458D9D}.Debug|Any CPU.Build.0 = Release - ARM64|Any CPU
		{6D8050A7-002E-471D-8F4C-B2D4A6458D9D}.Debug|Any CPU.Deploy.0 = Release - ARM64|Any CPU
		{3EDE820E-ACA2-4D8B-8327-B05264BB722C}.Debug|Any CPU.ActiveCfg = Debug|Any CPU
		{3EDE820E-ACA2-4D8B-8327-B05264BB722C}.Debug|Any CPU.Build.0 = Debug|Any CPU
		{3EDE820E-ACA2-4D8B-8327-B05264BB722C}.Release|Any CPU.ActiveCfg = Release|Any CPU
		{3EDE820E-ACA2-4D8B-8327-B05264BB722C}.Release|Any CPU.Build.0 = Release|Any CPU
		{CF41D89E-86F1-4433-A9B8-EC901B8B9515}.Debug|Any CPU.ActiveCfg = Debug|Any CPU
		{CF41D89E-86F1-4433-A9B8-EC901B8B9515}.Debug|Any CPU.Build.0 = Debug|Any CPU
		{CF41D89E-86F1-4433-A9B8-EC901B8B9515}.Release|Any CPU.ActiveCfg = Release|Any CPU
		{CF41D89E-86F1-4433-A9B8-EC901B8B9515}.Release|Any CPU.Build.0 = Release|Any CPU
		{DE1C9150-1D47-47FE-92C6-C41D61707C2A}.Debug|Any CPU.ActiveCfg = Debug|Any CPU
		{DE1C9150-1D47-47FE-92C6-C41D61707C2A}.Debug|Any CPU.Build.0 = Debug|Any CPU
		{DE1C9150-1D47-47FE-92C6-C41D61707C2A}.Release|Any CPU.ActiveCfg = Release|Any CPU
		{DE1C9150-1D47-47FE-92C6-C41D61707C2A}.Release|Any CPU.Build.0 = Release|Any CPU
		{F616DB79-5B57-4848-8DAA-E6BCE6DE1D7F}.Debug|Any CPU.ActiveCfg = Debug|Any CPU
		{F616DB79-5B57-4848-8DAA-E6BCE6DE1D7F}.Debug|Any CPU.Build.0 = Debug|Any CPU
		{F616DB79-5B57-4848-8DAA-E6BCE6DE1D7F}.Release|Any CPU.ActiveCfg = Release|Any CPU
		{F616DB79-5B57-4848-8DAA-E6BCE6DE1D7F}.Release|Any CPU.Build.0 = Release|Any CPU
		{AEE53659-82C0-41DE-ACC0-96FACC067A0D}.Debug|Any CPU.ActiveCfg = Debug|Any CPU
		{AEE53659-82C0-41DE-ACC0-96FACC067A0D}.Debug|Any CPU.Build.0 = Debug|Any CPU
		{AEE53659-82C0-41DE-ACC0-96FACC067A0D}.Release|Any CPU.ActiveCfg = Release|Any CPU
		{AEE53659-82C0-41DE-ACC0-96FACC067A0D}.Release|Any CPU.Build.0 = Release|Any CPU
		{55220641-6A19-45AB-8941-B745A5DD1A9A}.Debug|Any CPU.ActiveCfg = Debug|Any CPU
		{55220641-6A19-45AB-8941-B745A5DD1A9A}.Debug|Any CPU.Build.0 = Debug|Any CPU
		{55220641-6A19-45AB-8941-B745A5DD1A9A}.Release|Any CPU.ActiveCfg = Release|Any CPU
		{55220641-6A19-45AB-8941-B745A5DD1A9A}.Release|Any CPU.Build.0 = Release|Any CPU
		{18CE4E8F-5D63-45BE-89C5-6DC4E5200A47}.Debug|Any CPU.ActiveCfg = Debug|Any CPU
		{18CE4E8F-5D63-45BE-89C5-6DC4E5200A47}.Debug|Any CPU.Build.0 = Debug|Any CPU
		{18CE4E8F-5D63-45BE-89C5-6DC4E5200A47}.Release|Any CPU.ActiveCfg = Release|Any CPU
		{18CE4E8F-5D63-45BE-89C5-6DC4E5200A47}.Release|Any CPU.Build.0 = Release|Any CPU
		{5CEEA0A5-054F-4335-96F3-C9086A46BCCC}.Debug|Any CPU.ActiveCfg = Debug|Any CPU
		{5CEEA0A5-054F-4335-96F3-C9086A46BCCC}.Debug|Any CPU.Build.0 = Debug|Any CPU
		{5CEEA0A5-054F-4335-96F3-C9086A46BCCC}.Release|Any CPU.ActiveCfg = Release|Any CPU
		{5CEEA0A5-054F-4335-96F3-C9086A46BCCC}.Release|Any CPU.Build.0 = Release|Any CPU
		{E84C6632-AE63-4647-93AA-83F8E59920EE}.Debug|Any CPU.ActiveCfg = Debug|Any CPU
		{E84C6632-AE63-4647-93AA-83F8E59920EE}.Debug|Any CPU.Build.0 = Debug|Any CPU
		{E84C6632-AE63-4647-93AA-83F8E59920EE}.Release|Any CPU.ActiveCfg = Release|Any CPU
		{E84C6632-AE63-4647-93AA-83F8E59920EE}.Release|Any CPU.Build.0 = Release|Any CPU
	EndGlobalSection
	GlobalSection(NestedProjects) = preSolution
		{DE1C9150-1D47-47FE-92C6-C41D61707C2A} = {C43CC2D5-EE38-4266-8DB3-15A39883D775}
		{F616DB79-5B57-4848-8DAA-E6BCE6DE1D7F} = {C43CC2D5-EE38-4266-8DB3-15A39883D775}
		{C43CC2D5-EE38-4266-8DB3-15A39883D775} = {9F9B7817-1F8F-4B0A-8160-620E178E636E}
		{CF41D89E-86F1-4433-A9B8-EC901B8B9515} = {9F9B7817-1F8F-4B0A-8160-620E178E636E}
		{3EDE820E-ACA2-4D8B-8327-B05264BB722C} = {9F9B7817-1F8F-4B0A-8160-620E178E636E}
		{6D8050A7-002E-471D-8F4C-B2D4A6458D9D} = {9F9B7817-1F8F-4B0A-8160-620E178E636E}
		{AEE53659-82C0-41DE-ACC0-96FACC067A0D} = {A2226908-1E73-46E5-8FF7-66B480C5727E}
		{55220641-6A19-45AB-8941-B745A5DD1A9A} = {E686C7CF-4A19-46C3-9838-0B83E01897D4}
		{18CE4E8F-5D63-45BE-89C5-6DC4E5200A47} = {679318C9-4B33-49C4-A0DB-07B02435E071}
		{5CEEA0A5-054F-4335-96F3-C9086A46BCCC} = {679318C9-4B33-49C4-A0DB-07B02435E071}
		{E84C6632-AE63-4647-93AA-83F8E59920EE} = {679318C9-4B33-49C4-A0DB-07B02435E071}
	EndGlobalSection
EndGlobal
