
Microsoft Visual Studio Solution File, Format Version 12.00
Project("{FAE04EC0-301F-11D3-BF4B-00C04F79EFBC}") = "IMS.WebApp", "IMS.WebApp\IMS.WebApp.csproj", "{6D8050A7-002E-471D-8F4C-B2D4A6458D9D}"
EndProject
Project("{FAE04EC0-301F-11D3-BF4B-00C04F79EFBC}") = "IMS.UseCases", "IMS.UseCases\IMS.UseCases.csproj", "{3EDE820E-ACA2-4D8B-8327-B05264BB722C}"
EndProject
Project("{FAE04EC0-301F-11D3-BF4B-00C04F79EFBC}") = "IMS.CoreBusiness", "IMS.CoreBusiness\IMS.CoreBusiness.csproj", "{CF41D89E-86F1-4433-A9B8-EC901B8B9515}"
EndProject
Project("{2150E333-8FDC-42A3-9474-1A3956D46DE8}") = "IMS.Plugins", "IMS.Plugins", "{C43CC2D5-EE38-4266-8DB3-15A39883D775}"
EndProject
Project("{FAE04EC0-301F-11D3-BF4B-00C04F79EFBC}") = "IMS.Plugins.InMemory", "IMS.Plugins\IMS.Plugins.InMemory\IMS.Plugins.InMemory.csproj", "{DE1C9150-1D47-47FE-92C6-C41D61707C2A}"
EndProject
Project("{FAE04EC0-301F-11D3-BF4B-00C04F79EFBC}") = "IMS.WebApp.Test", "IMS.WebApp.Test\IMS.WebApp.Test.csproj", "{64C6D6EA-2579-4653-A360-420A6CA2CC2F}"
EndProject
Project("{FAE04EC0-301F-11D3-BF4B-00C04F79EFBC}") = "IMS.Plugins.InMemory.Test", "IMS.Plugins\IMS.Plugins.InMemory.Test\IMS.Plugins.InMemory.Test.csproj", "{64F3712D-12D4-483D-B5AC-37873F7F14AD}"
EndProject
Global
	GlobalSection(SolutionConfigurationPlatforms) = preSolution
		Debug|Any CPU = Debug|Any CPU
		Release|Any CPU = Release|Any CPU
	EndGlobalSection
	GlobalSection(ProjectConfigurationPlatforms) = postSolution
		{6D8050A7-002E-471D-8F4C-B2D4A6458D9D}.Debug|Any CPU.ActiveCfg = Debug|Any CPU
		{6D8050A7-002E-471D-8F4C-B2D4A6458D9D}.Debug|Any CPU.Build.0 = Debug|Any CPU
		{6D8050A7-002E-471D-8F4C-B2D4A6458D9D}.Release|Any CPU.ActiveCfg = Release|Any CPU
		{6D8050A7-002E-471D-8F4C-B2D4A6458D9D}.Release|Any CPU.Build.0 = Release|Any CPU
		{3EDE820E-ACA2-4D8B-8327-B05264BB722C}.Debug|Any CPU.ActiveCfg = Debug|Any CPU
		{3EDE820E-ACA2-4D8B-8327-B05264BB722C}.Debug|Any CPU.Build.0 = Debug|Any CPU
		{3EDE820E-ACA2-4D8B-8327-B05264BB722C}.Release|Any CPU.ActiveCfg = Release|Any CPU
		{3EDE820E-ACA2-4D8B-8327-B05264BB722C}.Release|Any CPU.Build.0 = Release|Any CPU
		{CF41D89E-86F1-4433-A9B8-EC901B8B9515}.Debug|Any CPU.ActiveCfg = Debug|Any CPU
		{CF41D89E-86F1-4433-A9B8-EC901B8B9515}.Debug|Any CPU.Build.0 = Debug|Any CPU
		{CF41D89E-86F1-4433-A9B8-EC901B8B9515}.Release|Any CPU.ActiveCfg = Release|Any CPU
		{CF41D89E-86F1-4433-A9B8-EC901B8B9515}.Release|Any CPU.Build.0 = Release|Any CPU
		{DE1C9150-1D47-47FE-92C6-C41D61707C2A}.Debug|Any CPU.ActiveCfg = Debug|Any CPU
		{DE1C9150-1D47-47FE-92C6-C41D61707C2A}.Debug|Any CPU.Build.0 = Debug|Any CPU
		{DE1C9150-1D47-47FE-92C6-C41D61707C2A}.Release|Any CPU.ActiveCfg = Release|Any CPU
		{DE1C9150-1D47-47FE-92C6-C41D61707C2A}.Release|Any CPU.Build.0 = Release|Any CPU
		{64C6D6EA-2579-4653-A360-420A6CA2CC2F}.Debug|Any CPU.ActiveCfg = Debug|Any CPU
		{64C6D6EA-2579-4653-A360-420A6CA2CC2F}.Debug|Any CPU.Build.0 = Debug|Any CPU
		{64C6D6EA-2579-4653-A360-420A6CA2CC2F}.Release|Any CPU.ActiveCfg = Release|Any CPU
		{64C6D6EA-2579-4653-A360-420A6CA2CC2F}.Release|Any CPU.Build.0 = Release|Any CPU
		{64F3712D-12D4-483D-B5AC-37873F7F14AD}.Debug|Any CPU.ActiveCfg = Debug|Any CPU
		{64F3712D-12D4-483D-B5AC-37873F7F14AD}.Debug|Any CPU.Build.0 = Debug|Any CPU
		{64F3712D-12D4-483D-B5AC-37873F7F14AD}.Release|Any CPU.ActiveCfg = Release|Any CPU
		{64F3712D-12D4-483D-B5AC-37873F7F14AD}.Release|Any CPU.Build.0 = Release|Any CPU
	EndGlobalSection
	GlobalSection(NestedProjects) = preSolution
		{DE1C9150-1D47-47FE-92C6-C41D61707C2A} = {C43CC2D5-EE38-4266-8DB3-15A39883D775}
		{64F3712D-12D4-483D-B5AC-37873F7F14AD} = {C43CC2D5-EE38-4266-8DB3-15A39883D775}
	EndGlobalSection
EndGlobal
